// !$*UTF8*$!
{
	archiveVersion = 1;
	classes = {
	};
	objectVersion = 46;
	objects = {

/* Begin PBXBuildFile section */
		920D834B1C6D89C700112371 /* AppDelegate.swift in Sources */ = {isa = PBXBuildFile; fileRef = 920D834A1C6D89C700112371 /* AppDelegate.swift */; };
		920D834D1C6D89C700112371 /* SearchViewController.swift in Sources */ = {isa = PBXBuildFile; fileRef = 920D834C1C6D89C700112371 /* SearchViewController.swift */; };
		920D83501C6D89C700112371 /* Main.storyboard in Resources */ = {isa = PBXBuildFile; fileRef = 920D834E1C6D89C700112371 /* Main.storyboard */; };
		920D83521C6D89C700112371 /* Assets.xcassets in Resources */ = {isa = PBXBuildFile; fileRef = 920D83511C6D89C700112371 /* Assets.xcassets */; };
		920D83601C6D89C700112371 /* StoreSearchTests.swift in Sources */ = {isa = PBXBuildFile; fileRef = 920D835F1C6D89C700112371 /* StoreSearchTests.swift */; };
		920D836B1C6D89C700112371 /* StoreSearchUITests.swift in Sources */ = {isa = PBXBuildFile; fileRef = 920D836A1C6D89C700112371 /* StoreSearchUITests.swift */; };
		92893A341C71EB8E009D3B65 /* LoadingCell.xib in Resources */ = {isa = PBXBuildFile; fileRef = 92893A331C71EB8E009D3B65 /* LoadingCell.xib */; };
		92BFE97F1C6F4B1300A248BC /* SearchResult.swift in Sources */ = {isa = PBXBuildFile; fileRef = 92BFE97E1C6F4B1300A248BC /* SearchResult.swift */; };
		92BFE9811C6F51E600A248BC /* SearchResultCell.xib in Resources */ = {isa = PBXBuildFile; fileRef = 92BFE9801C6F51E500A248BC /* SearchResultCell.xib */; };
		92BFE9831C6F554C00A248BC /* SearchResultCell.swift in Sources */ = {isa = PBXBuildFile; fileRef = 92BFE9821C6F554C00A248BC /* SearchResultCell.swift */; };
		92BFE9851C6F56E700A248BC /* NothingFoundCell.xib in Resources */ = {isa = PBXBuildFile; fileRef = 92BFE9841C6F56E600A248BC /* NothingFoundCell.xib */; };
/* End PBXBuildFile section */

/* Begin PBXContainerItemProxy section */
		920D835C1C6D89C700112371 /* PBXContainerItemProxy */ = {
			isa = PBXContainerItemProxy;
			containerPortal = 920D833F1C6D89C700112371 /* Project object */;
			proxyType = 1;
			remoteGlobalIDString = 920D83461C6D89C700112371;
			remoteInfo = StoreSearch;
		};
		920D83671C6D89C700112371 /* PBXContainerItemProxy */ = {
			isa = PBXContainerItemProxy;
			containerPortal = 920D833F1C6D89C700112371 /* Project object */;
			proxyType = 1;
			remoteGlobalIDString = 920D83461C6D89C700112371;
			remoteInfo = StoreSearch;
		};
/* End PBXContainerItemProxy section */

/* Begin PBXFileReference section */
		920D83471C6D89C700112371 /* StoreSearch.app */ = {isa = PBXFileReference; explicitFileType = wrapper.application; includeInIndex = 0; path = StoreSearch.app; sourceTree = BUILT_PRODUCTS_DIR; };
		920D834A1C6D89C700112371 /* AppDelegate.swift */ = {isa = PBXFileReference; lastKnownFileType = sourcecode.swift; path = AppDelegate.swift; sourceTree = "<group>"; };
		920D834C1C6D89C700112371 /* SearchViewController.swift */ = {isa = PBXFileReference; lastKnownFileType = sourcecode.swift; path = SearchViewController.swift; sourceTree = "<group>"; };
		920D834F1C6D89C700112371 /* Base */ = {isa = PBXFileReference; lastKnownFileType = file.storyboard; name = Base; path = Base.lproj/Main.storyboard; sourceTree = "<group>"; };
		920D83511C6D89C700112371 /* Assets.xcassets */ = {isa = PBXFileReference; lastKnownFileType = folder.assetcatalog; path = Assets.xcassets; sourceTree = "<group>"; };
		920D83561C6D89C700112371 /* Info.plist */ = {isa = PBXFileReference; lastKnownFileType = text.plist.xml; path = Info.plist; sourceTree = "<group>"; };
		920D835B1C6D89C700112371 /* StoreSearchTests.xctest */ = {isa = PBXFileReference; explicitFileType = wrapper.cfbundle; includeInIndex = 0; path = StoreSearchTests.xctest; sourceTree = BUILT_PRODUCTS_DIR; };
		920D835F1C6D89C700112371 /* StoreSearchTests.swift */ = {isa = PBXFileReference; lastKnownFileType = sourcecode.swift; path = StoreSearchTests.swift; sourceTree = "<group>"; };
		920D83611C6D89C700112371 /* Info.plist */ = {isa = PBXFileReference; lastKnownFileType = text.plist.xml; path = Info.plist; sourceTree = "<group>"; };
		920D83661C6D89C700112371 /* StoreSearchUITests.xctest */ = {isa = PBXFileReference; explicitFileType = wrapper.cfbundle; includeInIndex = 0; path = StoreSearchUITests.xctest; sourceTree = BUILT_PRODUCTS_DIR; };
		920D836A1C6D89C700112371 /* StoreSearchUITests.swift */ = {isa = PBXFileReference; lastKnownFileType = sourcecode.swift; path = StoreSearchUITests.swift; sourceTree = "<group>"; };
		920D836C1C6D89C700112371 /* Info.plist */ = {isa = PBXFileReference; lastKnownFileType = text.plist.xml; path = Info.plist; sourceTree = "<group>"; };
		92893A331C71EB8E009D3B65 /* LoadingCell.xib */ = {isa = PBXFileReference; fileEncoding = 4; lastKnownFileType = file.xib; path = LoadingCell.xib; sourceTree = "<group>"; };
		92BFE97E1C6F4B1300A248BC /* SearchResult.swift */ = {isa = PBXFileReference; fileEncoding = 4; lastKnownFileType = sourcecode.swift; path = SearchResult.swift; sourceTree = "<group>"; };
		92BFE9801C6F51E500A248BC /* SearchResultCell.xib */ = {isa = PBXFileReference; fileEncoding = 4; lastKnownFileType = file.xib; path = SearchResultCell.xib; sourceTree = "<group>"; };
		92BFE9821C6F554C00A248BC /* SearchResultCell.swift */ = {isa = PBXFileReference; fileEncoding = 4; lastKnownFileType = sourcecode.swift; path = SearchResultCell.swift; sourceTree = "<group>"; };
		92BFE9841C6F56E600A248BC /* NothingFoundCell.xib */ = {isa = PBXFileReference; fileEncoding = 4; lastKnownFileType = file.xib; path = NothingFoundCell.xib; sourceTree = "<group>"; };
/* End PBXFileReference section */

/* Begin PBXFrameworksBuildPhase section */
		920D83441C6D89C700112371 /* Frameworks */ = {
			isa = PBXFrameworksBuildPhase;
			buildActionMask = 2147483647;
			files = (
			);
			runOnlyForDeploymentPostprocessing = 0;
		};
		920D83581C6D89C700112371 /* Frameworks */ = {
			isa = PBXFrameworksBuildPhase;
			buildActionMask = 2147483647;
			files = (
			);
			runOnlyForDeploymentPostprocessing = 0;
		};
		920D83631C6D89C700112371 /* Frameworks */ = {
			isa = PBXFrameworksBuildPhase;
			buildActionMask = 2147483647;
			files = (
			);
			runOnlyForDeploymentPostprocessing = 0;
		};
/* End PBXFrameworksBuildPhase section */

/* Begin PBXGroup section */
		920D833E1C6D89C700112371 = {
			isa = PBXGroup;
			children = (
				920D83491C6D89C700112371 /* StoreSearch */,
				920D835E1C6D89C700112371 /* StoreSearchTests */,
				920D83691C6D89C700112371 /* StoreSearchUITests */,
				920D83481C6D89C700112371 /* Products */,
			);
			sourceTree = "<group>";
		};
		920D83481C6D89C700112371 /* Products */ = {
			isa = PBXGroup;
			children = (
				920D83471C6D89C700112371 /* StoreSearch.app */,
				920D835B1C6D89C700112371 /* StoreSearchTests.xctest */,
				920D83661C6D89C700112371 /* StoreSearchUITests.xctest */,
			);
			name = Products;
			sourceTree = "<group>";
		};
		920D83491C6D89C700112371 /* StoreSearch */ = {
			isa = PBXGroup;
			children = (
				920D834A1C6D89C700112371 /* AppDelegate.swift */,
				920D834C1C6D89C700112371 /* SearchViewController.swift */,
				92BFE97E1C6F4B1300A248BC /* SearchResult.swift */,
				92BFE9801C6F51E500A248BC /* SearchResultCell.xib */,
				92BFE9821C6F554C00A248BC /* SearchResultCell.swift */,
				92BFE9841C6F56E600A248BC /* NothingFoundCell.xib */,
				92893A331C71EB8E009D3B65 /* LoadingCell.xib */,
				920D834E1C6D89C700112371 /* Main.storyboard */,
				920D83511C6D89C700112371 /* Assets.xcassets */,
				920D83561C6D89C700112371 /* Info.plist */,
			);
			path = StoreSearch;
			sourceTree = "<group>";
		};
		920D835E1C6D89C700112371 /* StoreSearchTests */ = {
			isa = PBXGroup;
			children = (
				920D835F1C6D89C700112371 /* StoreSearchTests.swift */,
				920D83611C6D89C700112371 /* Info.plist */,
			);
			path = StoreSearchTests;
			sourceTree = "<group>";
		};
		920D83691C6D89C700112371 /* StoreSearchUITests */ = {
			isa = PBXGroup;
			children = (
				920D836A1C6D89C700112371 /* StoreSearchUITests.swift */,
				920D836C1C6D89C700112371 /* Info.plist */,
			);
			path = StoreSearchUITests;
			sourceTree = "<group>";
		};
/* End PBXGroup section */

/* Begin PBXNativeTarget section */
		920D83461C6D89C700112371 /* StoreSearch */ = {
			isa = PBXNativeTarget;
			buildConfigurationList = 920D836F1C6D89C700112371 /* Build configuration list for PBXNativeTarget "StoreSearch" */;
			buildPhases = (
				920D83431C6D89C700112371 /* Sources */,
				920D83441C6D89C700112371 /* Frameworks */,
				920D83451C6D89C700112371 /* Resources */,
			);
			buildRules = (
			);
			dependencies = (
			);
			name = StoreSearch;
			productName = StoreSearch;
			productReference = 920D83471C6D89C700112371 /* StoreSearch.app */;
			productType = "com.apple.product-type.application";
		};
		920D835A1C6D89C700112371 /* StoreSearchTests */ = {
			isa = PBXNativeTarget;
			buildConfigurationList = 920D83721C6D89C700112371 /* Build configuration list for PBXNativeTarget "StoreSearchTests" */;
			buildPhases = (
				920D83571C6D89C700112371 /* Sources */,
				920D83581C6D89C700112371 /* Frameworks */,
				920D83591C6D89C700112371 /* Resources */,
			);
			buildRules = (
			);
			dependencies = (
				920D835D1C6D89C700112371 /* PBXTargetDependency */,
			);
			name = StoreSearchTests;
			productName = StoreSearchTests;
			productReference = 920D835B1C6D89C700112371 /* StoreSearchTests.xctest */;
			productType = "com.apple.product-type.bundle.unit-test";
		};
		920D83651C6D89C700112371 /* StoreSearchUITests */ = {
			isa = PBXNativeTarget;
			buildConfigurationList = 920D83751C6D89C700112371 /* Build configuration list for PBXNativeTarget "StoreSearchUITests" */;
			buildPhases = (
				920D83621C6D89C700112371 /* Sources */,
				920D83631C6D89C700112371 /* Frameworks */,
				920D83641C6D89C700112371 /* Resources */,
			);
			buildRules = (
			);
			dependencies = (
				920D83681C6D89C700112371 /* PBXTargetDependency */,
			);
			name = StoreSearchUITests;
			productName = StoreSearchUITests;
			productReference = 920D83661C6D89C700112371 /* StoreSearchUITests.xctest */;
			productType = "com.apple.product-type.bundle.ui-testing";
		};
/* End PBXNativeTarget section */

/* Begin PBXProject section */
		920D833F1C6D89C700112371 /* Project object */ = {
			isa = PBXProject;
			attributes = {
				LastSwiftUpdateCheck = 0710;
				LastUpgradeCheck = 0710;
				ORGANIZATIONNAME = Anthony;
				TargetAttributes = {
					920D83461C6D89C700112371 = {
						CreatedOnToolsVersion = 7.1.1;
						DevelopmentTeam = XGQU44EDCN;
					};
					920D835A1C6D89C700112371 = {
						CreatedOnToolsVersion = 7.1.1;
						DevelopmentTeam = XGQU44EDCN;
						TestTargetID = 920D83461C6D89C700112371;
					};
					920D83651C6D89C700112371 = {
						CreatedOnToolsVersion = 7.1.1;
						DevelopmentTeam = XGQU44EDCN;
						TestTargetID = 920D83461C6D89C700112371;
					};
				};
			};
			buildConfigurationList = 920D83421C6D89C700112371 /* Build configuration list for PBXProject "StoreSearch" */;
			compatibilityVersion = "Xcode 3.2";
			developmentRegion = English;
			hasScannedForEncodings = 0;
			knownRegions = (
				en,
				Base,
			);
			mainGroup = 920D833E1C6D89C700112371;
			productRefGroup = 920D83481C6D89C700112371 /* Products */;
			projectDirPath = "";
			projectRoot = "";
			targets = (
				920D83461C6D89C700112371 /* StoreSearch */,
				920D835A1C6D89C700112371 /* StoreSearchTests */,
				920D83651C6D89C700112371 /* StoreSearchUITests */,
			);
		};
/* End PBXProject section */

/* Begin PBXResourcesBuildPhase section */
		920D83451C6D89C700112371 /* Resources */ = {
			isa = PBXResourcesBuildPhase;
			buildActionMask = 2147483647;
			files = (
				920D83521C6D89C700112371 /* Assets.xcassets in Resources */,
				92893A341C71EB8E009D3B65 /* LoadingCell.xib in Resources */,
				92BFE9811C6F51E600A248BC /* SearchResultCell.xib in Resources */,
				92BFE9851C6F56E700A248BC /* NothingFoundCell.xib in Resources */,
				920D83501C6D89C700112371 /* Main.storyboard in Resources */,
			);
			runOnlyForDeploymentPostprocessing = 0;
		};
		920D83591C6D89C700112371 /* Resources */ = {
			isa = PBXResourcesBuildPhase;
			buildActionMask = 2147483647;
			files = (
			);
			runOnlyForDeploymentPostprocessing = 0;
		};
		920D83641C6D89C700112371 /* Resources */ = {
			isa = PBXResourcesBuildPhase;
			buildActionMask = 2147483647;
			files = (
			);
			runOnlyForDeploymentPostprocessing = 0;
		};
/* End PBXResourcesBuildPhase section */

/* Begin PBXSourcesBuildPhase section */
		920D83431C6D89C700112371 /* Sources */ = {
			isa = PBXSourcesBuildPhase;
			buildActionMask = 2147483647;
			files = (
				920D834D1C6D89C700112371 /* SearchViewController.swift in Sources */,
				92BFE97F1C6F4B1300A248BC /* SearchResult.swift in Sources */,
				92BFE9831C6F554C00A248BC /* SearchResultCell.swift in Sources */,
				920D834B1C6D89C700112371 /* AppDelegate.swift in Sources */,
			);
			runOnlyForDeploymentPostprocessing = 0;
		};
		920D83571C6D89C700112371 /* Sources */ = {
			isa = PBXSourcesBuildPhase;
			buildActionMask = 2147483647;
			files = (
				920D83601C6D89C700112371 /* StoreSearchTests.swift in Sources */,
			);
			runOnlyForDeploymentPostprocessing = 0;
		};
		920D83621C6D89C700112371 /* Sources */ = {
			isa = PBXSourcesBuildPhase;
			buildActionMask = 2147483647;
			files = (
				920D836B1C6D89C700112371 /* StoreSearchUITests.swift in Sources */,
			);
			runOnlyForDeploymentPostprocessing = 0;
		};
/* End PBXSourcesBuildPhase section */

/* Begin PBXTargetDependency section */
		920D835D1C6D89C700112371 /* PBXTargetDependency */ = {
			isa = PBXTargetDependency;
			target = 920D83461C6D89C700112371 /* StoreSearch */;
			targetProxy = 920D835C1C6D89C700112371 /* PBXContainerItemProxy */;
		};
		920D83681C6D89C700112371 /* PBXTargetDependency */ = {
			isa = PBXTargetDependency;
			target = 920D83461C6D89C700112371 /* StoreSearch */;
			targetProxy = 920D83671C6D89C700112371 /* PBXContainerItemProxy */;
		};
/* End PBXTargetDependency section */

/* Begin PBXVariantGroup section */
		920D834E1C6D89C700112371 /* Main.storyboard */ = {
			isa = PBXVariantGroup;
			children = (
				920D834F1C6D89C700112371 /* Base */,
			);
			name = Main.storyboard;
			sourceTree = "<group>";
		};
/* End PBXVariantGroup section */

/* Begin XCBuildConfiguration section */
		920D836D1C6D89C700112371 /* Debug */ = {
			isa = XCBuildConfiguration;
			buildSettings = {
				ALWAYS_SEARCH_USER_PATHS = NO;
				CLANG_CXX_LANGUAGE_STANDARD = "gnu++0x";
				CLANG_CXX_LIBRARY = "libc++";
				CLANG_ENABLE_MODULES = YES;
				CLANG_ENABLE_OBJC_ARC = YES;
				CLANG_WARN_BOOL_CONVERSION = YES;
				CLANG_WARN_CONSTANT_CONVERSION = YES;
				CLANG_WARN_DIRECT_OBJC_ISA_USAGE = YES_ERROR;
				CLANG_WARN_EMPTY_BODY = YES;
				CLANG_WARN_ENUM_CONVERSION = YES;
				CLANG_WARN_INT_CONVERSION = YES;
				CLANG_WARN_OBJC_ROOT_CLASS = YES_ERROR;
				CLANG_WARN_UNREACHABLE_CODE = YES;
				CLANG_WARN__DUPLICATE_METHOD_MATCH = YES;
				"CODE_SIGN_IDENTITY[sdk=iphoneos*]" = "iPhone Developer";
				COPY_PHASE_STRIP = NO;
				DEBUG_INFORMATION_FORMAT = dwarf;
				ENABLE_STRICT_OBJC_MSGSEND = YES;
				ENABLE_TESTABILITY = YES;
				GCC_C_LANGUAGE_STANDARD = gnu99;
				GCC_DYNAMIC_NO_PIC = NO;
				GCC_NO_COMMON_BLOCKS = YES;
				GCC_OPTIMIZATION_LEVEL = 0;
				GCC_PREPROCESSOR_DEFINITIONS = (
					"DEBUG=1",
					"$(inherited)",
				);
				GCC_WARN_64_TO_32_BIT_CONVERSION = YES;
				GCC_WARN_ABOUT_RETURN_TYPE = YES_ERROR;
				GCC_WARN_UNDECLARED_SELECTOR = YES;
				GCC_WARN_UNINITIALIZED_AUTOS = YES_AGGRESSIVE;
				GCC_WARN_UNUSED_FUNCTION = YES;
				GCC_WARN_UNUSED_VARIABLE = YES;
				IPHONEOS_DEPLOYMENT_TARGET = 9.1;
				MTL_ENABLE_DEBUG_INFO = YES;
				ONLY_ACTIVE_ARCH = YES;
				SDKROOT = iphoneos;
				SWIFT_OPTIMIZATION_LEVEL = "-Onone";
			};
			name = Debug;
		};
		920D836E1C6D89C700112371 /* Release */ = {
			isa = XCBuildConfiguration;
			buildSettings = {
				ALWAYS_SEARCH_USER_PATHS = NO;
				CLANG_CXX_LANGUAGE_STANDARD = "gnu++0x";
				CLANG_CXX_LIBRARY = "libc++";
				CLANG_ENABLE_MODULES = YES;
				CLANG_ENABLE_OBJC_ARC = YES;
				CLANG_WARN_BOOL_CONVERSION = YES;
				CLANG_WARN_CONSTANT_CONVERSION = YES;
				CLANG_WARN_DIRECT_OBJC_ISA_USAGE = YES_ERROR;
				CLANG_WARN_EMPTY_BODY = YES;
				CLANG_WARN_ENUM_CONVERSION = YES;
				CLANG_WARN_INT_CONVERSION = YES;
				CLANG_WARN_OBJC_ROOT_CLASS = YES_ERROR;
				CLANG_WARN_UNREACHABLE_CODE = YES;
				CLANG_WARN__DUPLICATE_METHOD_MATCH = YES;
				"CODE_SIGN_IDENTITY[sdk=iphoneos*]" = "iPhone Developer";
				COPY_PHASE_STRIP = NO;
				DEBUG_INFORMATION_FORMAT = "dwarf-with-dsym";
				ENABLE_NS_ASSERTIONS = NO;
				ENABLE_STRICT_OBJC_MSGSEND = YES;
				GCC_C_LANGUAGE_STANDARD = gnu99;
				GCC_NO_COMMON_BLOCKS = YES;
				GCC_WARN_64_TO_32_BIT_CONVERSION = YES;
				GCC_WARN_ABOUT_RETURN_TYPE = YES_ERROR;
				GCC_WARN_UNDECLARED_SELECTOR = YES;
				GCC_WARN_UNINITIALIZED_AUTOS = YES_AGGRESSIVE;
				GCC_WARN_UNUSED_FUNCTION = YES;
				GCC_WARN_UNUSED_VARIABLE = YES;
				IPHONEOS_DEPLOYMENT_TARGET = 9.1;
				MTL_ENABLE_DEBUG_INFO = NO;
				SDKROOT = iphoneos;
				VALIDATE_PRODUCT = YES;
			};
			name = Release;
		};
		920D83701C6D89C700112371 /* Debug */ = {
			isa = XCBuildConfiguration;
			buildSettings = {
				ASSETCATALOG_COMPILER_APPICON_NAME = AppIcon;
				INFOPLIST_FILE = StoreSearch/Info.plist;
				LD_RUNPATH_SEARCH_PATHS = "$(inherited) @executable_path/Frameworks";
				PRODUCT_BUNDLE_IDENTIFIER = com.zhuduan.StoreSearch;
				PRODUCT_NAME = "$(TARGET_NAME)";
			};
			name = Debug;
		};
		920D83711C6D89C700112371 /* Release */ = {
			isa = XCBuildConfiguration;
			buildSettings = {
				ASSETCATALOG_COMPILER_APPICON_NAME = AppIcon;
				INFOPLIST_FILE = StoreSearch/Info.plist;
				LD_RUNPATH_SEARCH_PATHS = "$(inherited) @executable_path/Frameworks";
				PRODUCT_BUNDLE_IDENTIFIER = com.zhuduan.StoreSearch;
				PRODUCT_NAME = "$(TARGET_NAME)";
			};
			name = Release;
		};
		920D83731C6D89C700112371 /* Debug */ = {
			isa = XCBuildConfiguration;
			buildSettings = {
				BUNDLE_LOADER = "$(TEST_HOST)";
				INFOPLIST_FILE = StoreSearchTests/Info.plist;
				LD_RUNPATH_SEARCH_PATHS = "$(inherited) @executable_path/Frameworks @loader_path/Frameworks";
				PRODUCT_BUNDLE_IDENTIFIER = com.zhuduan.StoreSearchTests;
				PRODUCT_NAME = "$(TARGET_NAME)";
				TEST_HOST = "$(BUILT_PRODUCTS_DIR)/StoreSearch.app/StoreSearch";
			};
			name = Debug;
		};
		920D83741C6D89C700112371 /* Release */ = {
			isa = XCBuildConfiguration;
			buildSettings = {
				BUNDLE_LOADER = "$(TEST_HOST)";
				INFOPLIST_FILE = StoreSearchTests/Info.plist;
				LD_RUNPATH_SEARCH_PATHS = "$(inherited) @executable_path/Frameworks @loader_path/Frameworks";
				PRODUCT_BUNDLE_IDENTIFIER = com.zhuduan.StoreSearchTests;
				PRODUCT_NAME = "$(TARGET_NAME)";
				TEST_HOST = "$(BUILT_PRODUCTS_DIR)/StoreSearch.app/StoreSearch";
			};
			name = Release;
		};
		920D83761C6D89C700112371 /* Debug */ = {
			isa = XCBuildConfiguration;
			buildSettings = {
				INFOPLIST_FILE = StoreSearchUITests/Info.plist;
				LD_RUNPATH_SEARCH_PATHS = "$(inherited) @executable_path/Frameworks @loader_path/Frameworks";
				PRODUCT_BUNDLE_IDENTIFIER = com.zhuduan.StoreSearchUITests;
				PRODUCT_NAME = "$(TARGET_NAME)";
				TEST_TARGET_NAME = StoreSearch;
				USES_XCTRUNNER = YES;
			};
			name = Debug;
		};
		920D83771C6D89C700112371 /* Release */ = {
			isa = XCBuildConfiguration;
			buildSettings = {
				INFOPLIST_FILE = StoreSearchUITests/Info.plist;
				LD_RUNPATH_SEARCH_PATHS = "$(inherited) @executable_path/Frameworks @loader_path/Frameworks";
				PRODUCT_BUNDLE_IDENTIFIER = com.zhuduan.StoreSearchUITests;
				PRODUCT_NAME = "$(TARGET_NAME)";
				TEST_TARGET_NAME = StoreSearch;
				USES_XCTRUNNER = YES;
			};
			name = Release;
		};
/* End XCBuildConfiguration section */

/* Begin XCConfigurationList section */
		920D83421C6D89C700112371 /* Build configuration list for PBXProject "StoreSearch" */ = {
			isa = XCConfigurationList;
			buildConfigurations = (
				920D836D1C6D89C700112371 /* Debug */,
				920D836E1C6D89C700112371 /* Release */,
			);
			defaultConfigurationIsVisible = 0;
			defaultConfigurationName = Release;
		};
		920D836F1C6D89C700112371 /* Build configuration list for PBXNativeTarget "StoreSearch" */ = {
			isa = XCConfigurationList;
			buildConfigurations = (
				920D83701C6D89C700112371 /* Debug */,
				920D83711C6D89C700112371 /* Release */,
			);
			defaultConfigurationIsVisible = 0;
			defaultConfigurationName = Release;
		};
		920D83721C6D89C700112371 /* Build configuration list for PBXNativeTarget "StoreSearchTests" */ = {
			isa = XCConfigurationList;
			buildConfigurations = (
				920D83731C6D89C700112371 /* Debug */,
				920D83741C6D89C700112371 /* Release */,
			);
			defaultConfigurationIsVisible = 0;
			defaultConfigurationName = Release;
		};
		920D83751C6D89C700112371 /* Build configuration list for PBXNativeTarget "StoreSearchUITests" */ = {
			isa = XCConfigurationList;
			buildConfigurations = (
				920D83761C6D89C700112371 /* Debug */,
				920D83771C6D89C700112371 /* Release */,
			);
			defaultConfigurationIsVisible = 0;
			defaultConfigurationName = Release;
		};
/* End XCConfigurationList section */
	};
	rootObject = 920D833F1C6D89C700112371 /* Project object */;
}
